// !$*UTF8*$!
{
	archiveVersion = 1;
	classes = {
	};
	objectVersion = 46;
	objects = {

/* Begin PBXBuildFile section */
		13727A841C914405004F8DF7 /* main.m in Sources */ = {isa = PBXBuildFile; fileRef = 13727A831C914405004F8DF7 /* main.m */; };
		13727A871C914405004F8DF7 /* AppDelegate.m in Sources */ = {isa = PBXBuildFile; fileRef = 13727A861C914405004F8DF7 /* AppDelegate.m */; };
		13727A8A1C914405004F8DF7 /* ViewController.m in Sources */ = {isa = PBXBuildFile; fileRef = 13727A891C914405004F8DF7 /* ViewController.m */; };
		13727A8D1C914405004F8DF7 /* Main.storyboard in Resources */ = {isa = PBXBuildFile; fileRef = 13727A8B1C914405004F8DF7 /* Main.storyboard */; };
		13727A8F1C914405004F8DF7 /* Assets.xcassets in Resources */ = {isa = PBXBuildFile; fileRef = 13727A8E1C914405004F8DF7 /* Assets.xcassets */; };
		13727A921C914405004F8DF7 /* LaunchScreen.storyboard in Resources */ = {isa = PBXBuildFile; fileRef = 13727A901C914405004F8DF7 /* LaunchScreen.storyboard */; };
/* End PBXBuildFile section */

/* Begin PBXFileReference section */
		13727A7F1C914405004F8DF7 /* CALayerTest.app */ = {isa = PBXFileReference; explicitFileType = wrapper.application; includeInIndex = 0; path = CALayerTest.app; sourceTree = BUILT_PRODUCTS_DIR; };
		13727A831C914405004F8DF7 /* main.m */ = {isa = PBXFileReference; lastKnownFileType = sourcecode.c.objc; path = main.m; sourceTree = "<group>"; };
		13727A851C914405004F8DF7 /* AppDelegate.h */ = {isa = PBXFileReference; lastKnownFileType = sourcecode.c.h; path = AppDelegate.h; sourceTree = "<group>"; };
		13727A861C914405004F8DF7 /* AppDelegate.m */ = {isa = PBXFileReference; lastKnownFileType = sourcecode.c.objc; path = AppDelegate.m; sourceTree = "<group>"; };
		13727A881C914405004F8DF7 /* ViewController.h */ = {isa = PBXFileReference; lastKnownFileType = sourcecode.c.h; path = ViewController.h; sourceTree = "<group>"; };
		13727A891C914405004F8DF7 /* ViewController.m */ = {isa = PBXFileReference; lastKnownFileType = sourcecode.c.objc; path = ViewController.m; sourceTree = "<group>"; };
		13727A8C1C914405004F8DF7 /* Base */ = {isa = PBXFileReference; lastKnownFileType = file.storyboard; name = Base; path = Base.lproj/Main.storyboard; sourceTree = "<group>"; };
		13727A8E1C914405004F8DF7 /* Assets.xcassets */ = {isa = PBXFileReference; lastKnownFileType = folder.assetcatalog; path = Assets.xcassets; sourceTree = "<group>"; };
		13727A911C914405004F8DF7 /* Base */ = {isa = PBXFileReference; lastKnownFileType = file.storyboard; name = Base; path = Base.lproj/LaunchScreen.storyboard; sourceTree = "<group>"; };
		13727A931C914405004F8DF7 /* Info.plist */ = {isa = PBXFileReference; lastKnownFileType = text.plist.xml; path = Info.plist; sourceTree = "<group>"; };
/* End PBXFileReference section */

/* Begin PBXFrameworksBuildPhase section */
		13727A7C1C914405004F8DF7 /* Frameworks */ = {
			isa = PBXFrameworksBuildPhase;
			buildActionMask = 2147483647;
			files = (
			);
			runOnlyForDeploymentPostprocessing = 0;
		};
/* End PBXFrameworksBuildPhase section */

/* Begin PBXGroup section */
		13727A761C914405004F8DF7 = {
			isa = PBXGroup;
			children = (
				13727A811C914405004F8DF7 /* CALayerTest */,
				13727A801C914405004F8DF7 /* Products */,
			);
			sourceTree = "<group>";
		};
		13727A801C914405004F8DF7 /* Products */ = {
			isa = PBXGroup;
			children = (
				13727A7F1C914405004F8DF7 /* CALayerTest.app */,
			);
			name = Products;
			sourceTree = "<group>";
		};
		13727A811C914405004F8DF7 /* CALayerTest */ = {
			isa = PBXGroup;
			children = (
				13727A851C914405004F8DF7 /* AppDelegate.h */,
				13727A861C914405004F8DF7 /* AppDelegate.m */,
				13727A881C914405004F8DF7 /* ViewController.h */,
				13727A891C914405004F8DF7 /* ViewController.m */,
				13727A8B1C914405004F8DF7 /* Main.storyboard */,
				13727A8E1C914405004F8DF7 /* Assets.xcassets */,
				13727A901C914405004F8DF7 /* LaunchScreen.storyboard */,
				13727A931C914405004F8DF7 /* Info.plist */,
				13727A821C914405004F8DF7 /* Supporting Files */,
			);
			path = CALayerTest;
			sourceTree = "<group>";
		};
		13727A821C914405004F8DF7 /* Supporting Files */ = {
			isa = PBXGroup;
			children = (
				13727A831C914405004F8DF7 /* main.m */,
			);
			name = "Supporting Files";
			sourceTree = "<group>";
		};
/* End PBXGroup section */

/* Begin PBXNativeTarget section */
		13727A7E1C914405004F8DF7 /* CALayerTest */ = {
			isa = PBXNativeTarget;
			buildConfigurationList = 13727A961C914405004F8DF7 /* Build configuration list for PBXNativeTarget "CALayerTest" */;
			buildPhases = (
				13727A7B1C914405004F8DF7 /* Sources */,
				13727A7C1C914405004F8DF7 /* Frameworks */,
				13727A7D1C914405004F8DF7 /* Resources */,
			);
			buildRules = (
			);
			dependencies = (
			);
			name = CALayerTest;
			productName = CALayerTest;
			productReference = 13727A7F1C914405004F8DF7 /* CALayerTest.app */;
			productType = "com.apple.product-type.application";
		};
/* End PBXNativeTarget section */

/* Begin PBXProject section */
		13727A771C914405004F8DF7 /* Project object */ = {
			isa = PBXProject;
			attributes = {
				LastUpgradeCheck = 0720;
				ORGANIZATIONNAME = ryan;
				TargetAttributes = {
					13727A7E1C914405004F8DF7 = {
						CreatedOnToolsVersion = 7.2;
					};
				};
			};
			buildConfigurationList = 13727A7A1C914405004F8DF7 /* Build configuration list for PBXProject "CALayerTest" */;
			compatibilityVersion = "Xcode 3.2";
			developmentRegion = English;
			hasScannedForEncodings = 0;
			knownRegions = (
				en,
				Base,
			);
			mainGroup = 13727A761C914405004F8DF7;
			productRefGroup = 13727A801C914405004F8DF7 /* Products */;
			projectDirPath = "";
			projectRoot = "";
			targets = (
				13727A7E1C914405004F8DF7 /* CALayerTest */,
			);
		};
/* End PBXProject section */

/* Begin PBXResourcesBuildPhase section */
		13727A7D1C914405004F8DF7 /* Resources */ = {
			isa = PBXResourcesBuildPhase;
			buildActionMask = 2147483647;
			files = (
				13727A921C914405004F8DF7 /* LaunchScreen.storyboard in Resources */,
				13727A8F1C914405004F8DF7 /* Assets.xcassets in Resources */,
				13727A8D1C914405004F8DF7 /* Main.storyboard in Resources */,
			);
			runOnlyForDeploymentPostprocessing = 0;
		};
/* End PBXResourcesBuildPhase section */

/* Begin PBXSourcesBuildPhase section */
		13727A7B1C914405004F8DF7 /* Sources */ = {
			isa = PBXSourcesBuildPhase;
			buildActionMask = 2147483647;
			files = (
				13727A8A1C914405004F8DF7 /* ViewController.m in Sources */,
				13727A871C914405004F8DF7 /* AppDelegate.m in Sources */,
				13727A841C914405004F8DF7 /* main.m in Sources */,
			);
			runOnlyForDeploymentPostprocessing = 0;
		};
/* End PBXSourcesBuildPhase section */

/* Begin PBXVariantGroup section */
		13727A8B1C914405004F8DF7 /* Main.storyboard */ = {
			isa = PBXVariantGroup;
			children = (
				13727A8C1C914405004F8DF7 /* Base */,
			);
			name = Main.storyboard;
			sourceTree = "<group>";
		};
		13727A901C914405004F8DF7 /* LaunchScreen.storyboard */ = {
			isa = PBXVariantGroup;
			children = (
				13727A911C914405004F8DF7 /* Base */,
			);
			name = LaunchScreen.storyboard;
			sourceTree = "<group>";
		};
/* End PBXVariantGroup section */

/* Begin XCBuildConfiguration section */
		13727A941C914405004F8DF7 /* Debug */ = {
			isa = XCBuildConfiguration;
			buildSettings = {
				ALWAYS_SEARCH_USER_PATHS = NO;
				CLANG_CXX_LANGUAGE_STANDARD = "gnu++0x";
				CLANG_CXX_LIBRARY = "libc++";
				CLANG_ENABLE_MODULES = YES;
				CLANG_ENABLE_OBJC_ARC = YES;
				CLANG_WARN_BOOL_CONVERSION = YES;
				CLANG_WARN_CONSTANT_CONVERSION = YES;
				CLANG_WARN_DIRECT_OBJC_ISA_USAGE = YES_ERROR;
				CLANG_WARN_EMPTY_BODY = YES;
				CLANG_WARN_ENUM_CONVERSION = YES;
				CLANG_WARN_INT_CONVERSION = YES;
				CLANG_WARN_OBJC_ROOT_CLASS = YES_ERROR;
				CLANG_WARN_UNREACHABLE_CODE = YES;
				CLANG_WARN__DUPLICATE_METHOD_MATCH = YES;
				"CODE_SIGN_IDENTITY[sdk=iphoneos*]" = "iPhone Developer";
				COPY_PHASE_STRIP = NO;
				DEBUG_INFORMATION_FORMAT = dwarf;
				ENABLE_STRICT_OBJC_MSGSEND = YES;
				ENABLE_TESTABILITY = YES;
				GCC_C_LANGUAGE_STANDARD = gnu99;
				GCC_DYNAMIC_NO_PIC = NO;
				GCC_NO_COMMON_BLOCKS = YES;
				GCC_OPTIMIZATION_LEVEL = 0;
				GCC_PREPROCESSOR_DEFINITIONS = (
					"DEBUG=1",
					"$(inherited)",
				);
				GCC_WARN_64_TO_32_BIT_CONVERSION = YES;
				GCC_WARN_ABOUT_RETURN_TYPE = YES_ERROR;
				GCC_WARN_UNDECLARED_SELECTOR = YES;
				GCC_WARN_UNINITIALIZED_AUTOS = YES_AGGRESSIVE;
				GCC_WARN_UNUSED_FUNCTION = YES;
				GCC_WARN_UNUSED_VARIABLE = YES;
				IPHONEOS_DEPLOYMENT_TARGET = 9.2;
				MTL_ENABLE_DEBUG_INFO = YES;
				ONLY_ACTIVE_ARCH = YES;
				SDKROOT = iphoneos;
				TARGETED_DEVICE_FAMILY = "1,2";
			};
			name = Debug;
		};
		13727A951C914405004F8DF7 /* Release */ = {
			isa = XCBuildConfiguration;
			buildSettings = {
				ALWAYS_SEARCH_USER_PATHS = NO;
				CLANG_CXX_LANGUAGE_STANDARD = "gnu++0x";
				CLANG_CXX_LIBRARY = "libc++";
				CLANG_ENABLE_MODULES = YES;
				CLANG_ENABLE_OBJC_ARC = YES;
				CLANG_WARN_BOOL_CONVERSION = YES;
				CLANG_WARN_CONSTANT_CONVERSION = YES;
				CLANG_WARN_DIRECT_OBJC_ISA_USAGE = YES_ERROR;
				CLANG_WARN_EMPTY_BODY = YES;
				CLANG_WARN_ENUM_CONVERSION = YES;
				CLANG_WARN_INT_CONVERSION = YES;
				CLANG_WARN_OBJC_ROOT_CLASS = YES_ERROR;
				CLANG_WARN_UNREACHABLE_CODE = YES;
				CLANG_WARN__DUPLICATE_METHOD_MATCH = YES;
				"CODE_SIGN_IDENTITY[sdk=iphoneos*]" = "iPhone Developer";
				COPY_PHASE_STRIP = NO;
				DEBUG_INFORMATION_FORMAT = "dwarf-with-dsym";
				ENABLE_NS_ASSERTIONS = NO;
				ENABLE_STRICT_OBJC_MSGSEND = YES;
				GCC_C_LANGUAGE_STANDARD = gnu99;
				GCC_NO_COMMON_BLOCKS = YES;
				GCC_WARN_64_TO_32_BIT_CONVERSION = YES;
				GCC_WARN_ABOUT_RETURN_TYPE = YES_ERROR;
				GCC_WARN_UNDECLARED_SELECTOR = YES;
				GCC_WARN_UNINITIALIZED_AUTOS = YES_AGGRESSIVE;
				GCC_WARN_UNUSED_FUNCTION = YES;
				GCC_WARN_UNUSED_VARIABLE = YES;
				IPHONEOS_DEPLOYMENT_TARGET = 9.2;
				MTL_ENABLE_DEBUG_INFO = NO;
				SDKROOT = iphoneos;
				TARGETED_DEVICE_FAMILY = "1,2";
				VALIDATE_PRODUCT = YES;
			};
			name = Release;
		};
		13727A971C914405004F8DF7 /* Debug */ = {
			isa = XCBuildConfiguration;
			buildSettings = {
				ASSETCATALOG_COMPILER_APPICON_NAME = AppIcon;
				INFOPLIST_FILE = CALayerTest/Info.plist;
				LD_RUNPATH_SEARCH_PATHS = "$(inherited) @executable_path/Frameworks";
				PRODUCT_BUNDLE_IDENTIFIER = com.iaos.CALayerTest;
				PRODUCT_NAME = "$(TARGET_NAME)";
			};
			name = Debug;
		};
		13727A981C914405004F8DF7 /* Release */ = {
			isa = XCBuildConfiguration;
			buildSettings = {
				ASSETCATALOG_COMPILER_APPICON_NAME = AppIcon;
				INFOPLIST_FILE = CALayerTest/Info.plist;
				LD_RUNPATH_SEARCH_PATHS = "$(inherited) @executable_path/Frameworks";
				PRODUCT_BUNDLE_IDENTIFIER = com.iaos.CALayerTest;
				PRODUCT_NAME = "$(TARGET_NAME)";
			};
			name = Release;
		};
/* End XCBuildConfiguration section */

/* Begin XCConfigurationList section */
		13727A7A1C914405004F8DF7 /* Build configuration list for PBXProject "CALayerTest" */ = {
			isa = XCConfigurationList;
			buildConfigurations = (
				13727A941C914405004F8DF7 /* Debug */,
				13727A951C914405004F8DF7 /* Release */,
			);
			defaultConfigurationIsVisible = 0;
			defaultConfigurationName = Release;
		};
		13727A961C914405004F8DF7 /* Build configuration list for PBXNativeTarget "CALayerTest" */ = {
			isa = XCConfigurationList;
			buildConfigurations = (
				13727A971C914405004F8DF7 /* Debug */,
				13727A981C914405004F8DF7 /* Release */,
			);
			defaultConfigurationIsVisible = 0;
		};
/* End XCConfigurationList section */
	};
	rootObject = 13727A771C914405004F8DF7 /* Project object */;
}
